
Microsoft Visual Studio Solution File, Format Version 12.00
# Visual Studio Version 16
VisualStudioVersion = 16.0.29230.61
MinimumVisualStudioVersion = 10.0.40219.1
Project("{FAE04EC0-301F-11D3-BF4B-00C04F79EFBC}") = "NpgsqlEFBug", "NpgsqlEFBug\NpgsqlEFBug.csproj", "{E4284CBE-4DA9-4592-9EA0-371031B9D578}"
EndProject
Global
	GlobalSection(SolutionConfigurationPlatforms) = preSolution
		Debug|Any CPU = Debug|Any CPU
		Release|Any CPU = Release|Any CPU
	EndGlobalSection
	GlobalSection(ProjectConfigurationPlatforms) = postSolution
		{E4284CBE-4DA9-4592-9EA0-371031B9D578}.Debug|Any CPU.ActiveCfg = Debug|Any CPU
		{E4284CBE-4DA9-4592-9EA0-371031B9D578}.Debug|Any CPU.Build.0 = Debug|Any CPU
		{E4284CBE-4DA9-4592-9EA0-371031B9D578}.Release|Any CPU.ActiveCfg = Release|Any CPU
		{E4284CBE-4DA9-4592-9EA0-371031B9D578}.Release|Any CPU.Build.0 = Release|Any CPU
	EndGlobalSection
	GlobalSection(SolutionProperties) = preSolution
		HideSolutionNode = FALSE
	EndGlobalSection
	GlobalSection(ExtensibilityGlobals) = postSolution
		SolutionGuid = {278ABA7B-930C-439F-8858-A9536B425851}
	EndGlobalSection
EndGlobal
